
Microsoft Visual Studio Solution File, Format Version 12.00
# Visual Studio Version 16
VisualStudioVersion = 16.0.31624.102
MinimumVisualStudioVersion = 10.0.40219.1
Project("{9A19103F-16F7-4668-BE54-9A1E7A4F7556}") = "HelloWorld", "HelloWorld.csproj", "{3E9F1CC4-EE87-40BC-A808-4F60F439FAAC}"
EndProject
Global
	GlobalSection(SolutionConfigurationPlatforms) = preSolution
		Debug|Any CPU = Debug|Any CPU
		Release|Any CPU = Release|Any CPU
	EndGlobalSection
	GlobalSection(ProjectConfigurationPlatforms) = postSolution
		{3E9F1CC4-EE87-40BC-A808-4F60F439FAAC}.Debug|Any CPU.ActiveCfg = Debug|Any CPU
		{3E9F1CC4-EE87-40BC-A808-4F60F439FAAC}.Debug|Any CPU.Build.0 = Debug|Any CPU
		{3E9F1CC4-EE87-40BC-A808-4F60F439FAAC}.Release|Any CPU.ActiveCfg = Release|Any CPU
		{3E9F1CC4-EE87-40BC-A808-4F60F439FAAC}.Release|Any CPU.Build.0 = Release|Any CPU
	EndGlobalSection
	GlobalSection(SolutionProperties) = preSolution
		HideSolutionNode = FALSE
	EndGlobalSection
	GlobalSection(ExtensibilityGlobals) = postSolution
		SolutionGuid = {590CF281-D694-4457-ADF3-0A2A460D5733}
	EndGlobalSection
EndGlobal
