
Microsoft Visual Studio Solution File, Format Version 12.00
# Visual Studio 15
VisualStudioVersion = 15.0.28307.1684
MinimumVisualStudioVersion = 10.0.40219.1
Project("{FAE04EC0-301F-11D3-BF4B-00C04F79EFBC}") = "QuanLySinhVien", "QuanLySinhVien\QuanLySinhVien.csproj", "{71E6F027-DDED-4C9A-BE32-2402E3118D80}"
EndProject
Global
	GlobalSection(SolutionConfigurationPlatforms) = preSolution
		Debug|Any CPU = Debug|Any CPU
		Release|Any CPU = Release|Any CPU
	EndGlobalSection
	GlobalSection(ProjectConfigurationPlatforms) = postSolution
		{71E6F027-DDED-4C9A-BE32-2402E3118D80}.Debug|Any CPU.ActiveCfg = Debug|Any CPU
		{71E6F027-DDED-4C9A-BE32-2402E3118D80}.Debug|Any CPU.Build.0 = Debug|Any CPU
		{71E6F027-DDED-4C9A-BE32-2402E3118D80}.Release|Any CPU.ActiveCfg = Release|Any CPU
		{71E6F027-DDED-4C9A-BE32-2402E3118D80}.Release|Any CPU.Build.0 = Release|Any CPU
	EndGlobalSection
	GlobalSection(SolutionProperties) = preSolution
		HideSolutionNode = FALSE
	EndGlobalSection
	GlobalSection(ExtensibilityGlobals) = postSolution
		SolutionGuid = {51CE4D7A-0FB8-4E24-BB32-5F3CF9D9DA1D}
	EndGlobalSection
EndGlobal
