
Microsoft Visual Studio Solution File, Format Version 12.00
# Visual Studio Version 16
VisualStudioVersion = 16.0.31515.178
MinimumVisualStudioVersion = 10.0.40219.1
Project("{FAE04EC0-301F-11D3-BF4B-00C04F79EFBC}") = "CrossPlatformBlazor", "CrossPlatformBlazor\CrossPlatformBlazor.csproj", "{49CAF69B-CB8F-4ED9-AD5B-769AB68428BF}"
EndProject
Global
	GlobalSection(SolutionConfigurationPlatforms) = preSolution
		Debug|Any CPU = Debug|Any CPU
		Release|Any CPU = Release|Any CPU
	EndGlobalSection
	GlobalSection(ProjectConfigurationPlatforms) = postSolution
		{49CAF69B-CB8F-4ED9-AD5B-769AB68428BF}.Debug|Any CPU.ActiveCfg = Debug|Any CPU
		{49CAF69B-CB8F-4ED9-AD5B-769AB68428BF}.Debug|Any CPU.Build.0 = Debug|Any CPU
		{49CAF69B-CB8F-4ED9-AD5B-769AB68428BF}.Release|Any CPU.ActiveCfg = Release|Any CPU
		{49CAF69B-CB8F-4ED9-AD5B-769AB68428BF}.Release|Any CPU.Build.0 = Release|Any CPU
	EndGlobalSection
	GlobalSection(SolutionProperties) = preSolution
		HideSolutionNode = FALSE
	EndGlobalSection
	GlobalSection(ExtensibilityGlobals) = postSolution
		SolutionGuid = {FDED8B33-8FE9-4513-A531-2A0607541688}
	EndGlobalSection
EndGlobal
