
Microsoft Visual Studio Solution File, Format Version 12.00
# Visual Studio Version 16
VisualStudioVersion = 16.0.31515.178
MinimumVisualStudioVersion = 10.0.40219.1
Project("{FAE04EC0-301F-11D3-BF4B-00C04F79EFBC}") = "HeartConsole", "HeartConsole\HeartConsole.csproj", "{B34AA242-4CAB-43DA-9C3E-F666422AE96B}"
EndProject
Global
	GlobalSection(SolutionConfigurationPlatforms) = preSolution
		Debug|Any CPU = Debug|Any CPU
		Release|Any CPU = Release|Any CPU
	EndGlobalSection
	GlobalSection(ProjectConfigurationPlatforms) = postSolution
		{B34AA242-4CAB-43DA-9C3E-F666422AE96B}.Debug|Any CPU.ActiveCfg = Debug|Any CPU
		{B34AA242-4CAB-43DA-9C3E-F666422AE96B}.Debug|Any CPU.Build.0 = Debug|Any CPU
		{B34AA242-4CAB-43DA-9C3E-F666422AE96B}.Release|Any CPU.ActiveCfg = Release|Any CPU
		{B34AA242-4CAB-43DA-9C3E-F666422AE96B}.Release|Any CPU.Build.0 = Release|Any CPU
	EndGlobalSection
	GlobalSection(SolutionProperties) = preSolution
		HideSolutionNode = FALSE
	EndGlobalSection
	GlobalSection(ExtensibilityGlobals) = postSolution
		SolutionGuid = {C75B98EC-6048-4460-B124-A638D6E8E162}
	EndGlobalSection
EndGlobal
