
Microsoft Visual Studio Solution File, Format Version 12.00
# Visual Studio Version 16
VisualStudioVersion = 16.0.31624.102
MinimumVisualStudioVersion = 10.0.40219.1
Project("{FAE04EC0-301F-11D3-BF4B-00C04F79EFBC}") = "Demo02", "Demo02\Demo02.csproj", "{AFCC44E7-0153-473C-9D50-3DFCEEE6E665}"
EndProject
Global
	GlobalSection(SolutionConfigurationPlatforms) = preSolution
		Debug|Any CPU = Debug|Any CPU
		Release|Any CPU = Release|Any CPU
	EndGlobalSection
	GlobalSection(ProjectConfigurationPlatforms) = postSolution
		{AFCC44E7-0153-473C-9D50-3DFCEEE6E665}.Debug|Any CPU.ActiveCfg = Debug|Any CPU
		{AFCC44E7-0153-473C-9D50-3DFCEEE6E665}.Debug|Any CPU.Build.0 = Debug|Any CPU
		{AFCC44E7-0153-473C-9D50-3DFCEEE6E665}.Release|Any CPU.ActiveCfg = Release|Any CPU
		{AFCC44E7-0153-473C-9D50-3DFCEEE6E665}.Release|Any CPU.Build.0 = Release|Any CPU
	EndGlobalSection
	GlobalSection(SolutionProperties) = preSolution
		HideSolutionNode = FALSE
	EndGlobalSection
	GlobalSection(ExtensibilityGlobals) = postSolution
		SolutionGuid = {72C99B82-85F5-4E1F-985D-7C21A312E954}
	EndGlobalSection
EndGlobal
